
Microsoft Visual Studio Solution File, Format Version 12.00
# Visual Studio Version 17
VisualStudioVersion = 17.2.32519.379
MinimumVisualStudioVersion = 10.0.40219.1
Project("{FAE04EC0-301F-11D3-BF4B-00C04F79EFBC}") = "Internhub", "Internhub\Internhub.csproj", "{80254C04-5C48-4D53-B8F4-A85D8F00709B}"
EndProject
Global
	GlobalSection(SolutionConfigurationPlatforms) = preSolution
		Debug|Any CPU = Debug|Any CPU
		Release|Any CPU = Release|Any CPU
	EndGlobalSection
	GlobalSection(ProjectConfigurationPlatforms) = postSolution
		{80254C04-5C48-4D53-B8F4-A85D8F00709B}.Debug|Any CPU.ActiveCfg = Debug|Any CPU
		{80254C04-5C48-4D53-B8F4-A85D8F00709B}.Debug|Any CPU.Build.0 = Debug|Any CPU
		{80254C04-5C48-4D53-B8F4-A85D8F00709B}.Release|Any CPU.ActiveCfg = Release|Any CPU
		{80254C04-5C48-4D53-B8F4-A85D8F00709B}.Release|Any CPU.Build.0 = Release|Any CPU
	EndGlobalSection
	GlobalSection(SolutionProperties) = preSolution
		HideSolutionNode = FALSE
	EndGlobalSection
	GlobalSection(ExtensibilityGlobals) = postSolution
		SolutionGuid = {B06F8654-6A4B-456C-84CD-170FB0963FD0}
	EndGlobalSection
EndGlobal
